// !$*UTF8*$!
{
	archiveVersion = 1;
	classes = {
	};
	objectVersion = 46;
	objects = {

/* Begin PBXBuildFile section */
		2014AD0B17CFF053007EBE2E /* Foundation.framework in Frameworks */ = {isa = PBXBuildFile; fileRef = 2014AD0A17CFF053007EBE2E /* Foundation.framework */; };
		2014AD0D17CFF053007EBE2E /* CoreGraphics.framework in Frameworks */ = {isa = PBXBuildFile; fileRef = 2014AD0C17CFF053007EBE2E /* CoreGraphics.framework */; };
		2014AD0F17CFF053007EBE2E /* UIKit.framework in Frameworks */ = {isa = PBXBuildFile; fileRef = 2014AD0E17CFF053007EBE2E /* UIKit.framework */; };
		2014AD1117CFF053007EBE2E /* CoreData.framework in Frameworks */ = {isa = PBXBuildFile; fileRef = 2014AD1017CFF053007EBE2E /* CoreData.framework */; };
		2014AD1717CFF053007EBE2E /* InfoPlist.strings in Resources */ = {isa = PBXBuildFile; fileRef = 2014AD1517CFF053007EBE2E /* InfoPlist.strings */; };
		2014AD1917CFF053007EBE2E /* main.m in Sources */ = {isa = PBXBuildFile; fileRef = 2014AD1817CFF053007EBE2E /* main.m */; };
		2014AD1D17CFF053007EBE2E /* FMAppDelegate.m in Sources */ = {isa = PBXBuildFile; fileRef = 2014AD1C17CFF053007EBE2E /* FMAppDelegate.m */; };
		2014AD2017CFF053007EBE2E /* FavMov.xcdatamodeld in Sources */ = {isa = PBXBuildFile; fileRef = 2014AD1E17CFF053007EBE2E /* FavMov.xcdatamodeld */; };
		2014AD2217CFF053007EBE2E /* Images.xcassets in Resources */ = {isa = PBXBuildFile; fileRef = 2014AD2117CFF053007EBE2E /* Images.xcassets */; };
		2014AD2917CFF053007EBE2E /* XCTest.framework in Frameworks */ = {isa = PBXBuildFile; fileRef = 2014AD2817CFF053007EBE2E /* XCTest.framework */; };
		2014AD2A17CFF054007EBE2E /* Foundation.framework in Frameworks */ = {isa = PBXBuildFile; fileRef = 2014AD0A17CFF053007EBE2E /* Foundation.framework */; };
		2014AD2B17CFF054007EBE2E /* UIKit.framework in Frameworks */ = {isa = PBXBuildFile; fileRef = 2014AD0E17CFF053007EBE2E /* UIKit.framework */; };
		2014AD2C17CFF054007EBE2E /* CoreData.framework in Frameworks */ = {isa = PBXBuildFile; fileRef = 2014AD1017CFF053007EBE2E /* CoreData.framework */; };
		2014AD3417CFF054007EBE2E /* InfoPlist.strings in Resources */ = {isa = PBXBuildFile; fileRef = 2014AD3217CFF054007EBE2E /* InfoPlist.strings */; };
		2014AD3617CFF054007EBE2E /* FavMovTests.m in Sources */ = {isa = PBXBuildFile; fileRef = 2014AD3517CFF054007EBE2E /* FavMovTests.m */; };
		2014AD4117CFF0F3007EBE2E /* FMAppViewController.m in Sources */ = {isa = PBXBuildFile; fileRef = 2014AD4017CFF0F3007EBE2E /* FMAppViewController.m */; };
		2014AD4417CFF131007EBE2E /* FMMyFavoriteMovieViewController.m in Sources */ = {isa = PBXBuildFile; fileRef = 2014AD4317CFF131007EBE2E /* FMMyFavoriteMovieViewController.m */; };
		2014AD4717CFF181007EBE2E /* FMMyFavoriteMovieView.m in Sources */ = {isa = PBXBuildFile; fileRef = 2014AD4617CFF181007EBE2E /* FMMyFavoriteMovieView.m */; };
		2080F81A17D10837005432FF /* FMMovieBoxOfficeStore.m in Sources */ = {isa = PBXBuildFile; fileRef = 2080F81917D10837005432FF /* FMMovieBoxOfficeStore.m */; };
		20AABD0F17D00375004B7A37 /* UIImage+FMImages.m in Sources */ = {isa = PBXBuildFile; fileRef = 20AABD0E17D00375004B7A37 /* UIImage+FMImages.m */; };
		20AABD1217D00674004B7A37 /* UIColor+FMColors.m in Sources */ = {isa = PBXBuildFile; fileRef = 20AABD1117D00674004B7A37 /* UIColor+FMColors.m */; };
		20AABD1517D008CD004B7A37 /* FMMoviePickerViewController.m in Sources */ = {isa = PBXBuildFile; fileRef = 20AABD1417D008CD004B7A37 /* FMMoviePickerViewController.m */; };
		20AABD1817D00F72004B7A37 /* FMMoviePickerView.m in Sources */ = {isa = PBXBuildFile; fileRef = 20AABD1717D00F72004B7A37 /* FMMoviePickerView.m */; };
		20AABD1B17D00F98004B7A37 /* FMView.m in Sources */ = {isa = PBXBuildFile; fileRef = 20AABD1A17D00F98004B7A37 /* FMView.m */; };
		20AABD1F17D032A4004B7A37 /* FMFriendsViewController.m in Sources */ = {isa = PBXBuildFile; fileRef = 20AABD1E17D032A4004B7A37 /* FMFriendsViewController.m */; };
		20AABD2217D033B1004B7A37 /* FMFriendsView.m in Sources */ = {isa = PBXBuildFile; fileRef = 20AABD2117D033B1004B7A37 /* FMFriendsView.m */; };
		20AABD2517D034E5004B7A37 /* UIApplication+FMStatusBar.m in Sources */ = {isa = PBXBuildFile; fileRef = 20AABD2417D034E5004B7A37 /* UIApplication+FMStatusBar.m */; };
		20BE3F4317D0FCFA00128C47 /* FMRottenTomatoesHTTPClient.m in Sources */ = {isa = PBXBuildFile; fileRef = 20BE3F4217D0FCFA00128C47 /* FMRottenTomatoesHTTPClient.m */; };
		20BE3F4617D1001C00128C47 /* FMRottenTomatoesAPI.m in Sources */ = {isa = PBXBuildFile; fileRef = 20BE3F4517D1001C00128C47 /* FMRottenTomatoesAPI.m */; };
		20CB8E2317D1277900939AB4 /* FMMovieCell.m in Sources */ = {isa = PBXBuildFile; fileRef = 20CB8E2217D1277900939AB4 /* FMMovieCell.m */; };
		20CB8E2617D127EA00939AB4 /* FMMovie.m in Sources */ = {isa = PBXBuildFile; fileRef = 20CB8E2517D127EA00939AB4 /* FMMovie.m */; };
		20CB8E2917D12CE700939AB4 /* FMMovie+Factory.m in Sources */ = {isa = PBXBuildFile; fileRef = 20CB8E2817D12CE700939AB4 /* FMMovie+Factory.m */; };
		F059775F35A8431FAB68E17F /* libPods.a in Frameworks */ = {isa = PBXBuildFile; fileRef = BDBED89D1E3E4178BCD2FB29 /* libPods.a */; };
/* End PBXBuildFile section */

/* Begin PBXContainerItemProxy section */
		2014AD2D17CFF054007EBE2E /* PBXContainerItemProxy */ = {
			isa = PBXContainerItemProxy;
			containerPortal = 2014ACFF17CFF053007EBE2E /* Project object */;
			proxyType = 1;
			remoteGlobalIDString = 2014AD0617CFF053007EBE2E;
			remoteInfo = FavMov;
		};
/* End PBXContainerItemProxy section */

/* Begin PBXFileReference section */
		2014AD0717CFF053007EBE2E /* FavMov.app */ = {isa = PBXFileReference; explicitFileType = wrapper.application; includeInIndex = 0; path = FavMov.app; sourceTree = BUILT_PRODUCTS_DIR; };
		2014AD0A17CFF053007EBE2E /* Foundation.framework */ = {isa = PBXFileReference; lastKnownFileType = wrapper.framework; name = Foundation.framework; path = System/Library/Frameworks/Foundation.framework; sourceTree = SDKROOT; };
		2014AD0C17CFF053007EBE2E /* CoreGraphics.framework */ = {isa = PBXFileReference; lastKnownFileType = wrapper.framework; name = CoreGraphics.framework; path = System/Library/Frameworks/CoreGraphics.framework; sourceTree = SDKROOT; };
		2014AD0E17CFF053007EBE2E /* UIKit.framework */ = {isa = PBXFileReference; lastKnownFileType = wrapper.framework; name = UIKit.framework; path = System/Library/Frameworks/UIKit.framework; sourceTree = SDKROOT; };
		2014AD1017CFF053007EBE2E /* CoreData.framework */ = {isa = PBXFileReference; lastKnownFileType = wrapper.framework; name = CoreData.framework; path = System/Library/Frameworks/CoreData.framework; sourceTree = SDKROOT; };
		2014AD1417CFF053007EBE2E /* FavMov-Info.plist */ = {isa = PBXFileReference; lastKnownFileType = text.plist.xml; path = "FavMov-Info.plist"; sourceTree = "<group>"; };
		2014AD1617CFF053007EBE2E /* en */ = {isa = PBXFileReference; lastKnownFileType = text.plist.strings; name = en; path = en.lproj/InfoPlist.strings; sourceTree = "<group>"; };
		2014AD1817CFF053007EBE2E /* main.m */ = {isa = PBXFileReference; lastKnownFileType = sourcecode.c.objc; path = main.m; sourceTree = "<group>"; };
		2014AD1A17CFF053007EBE2E /* FavMov-Prefix.pch */ = {isa = PBXFileReference; lastKnownFileType = sourcecode.c.h; path = "FavMov-Prefix.pch"; sourceTree = "<group>"; };
		2014AD1B17CFF053007EBE2E /* FMAppDelegate.h */ = {isa = PBXFileReference; lastKnownFileType = sourcecode.c.h; path = FMAppDelegate.h; sourceTree = "<group>"; };
		2014AD1C17CFF053007EBE2E /* FMAppDelegate.m */ = {isa = PBXFileReference; lastKnownFileType = sourcecode.c.objc; path = FMAppDelegate.m; sourceTree = "<group>"; };
		2014AD1F17CFF053007EBE2E /* FavMov.xcdatamodel */ = {isa = PBXFileReference; lastKnownFileType = wrapper.xcdatamodel; path = FavMov.xcdatamodel; sourceTree = "<group>"; };
		2014AD2117CFF053007EBE2E /* Images.xcassets */ = {isa = PBXFileReference; lastKnownFileType = folder.assetcatalog; path = Images.xcassets; sourceTree = "<group>"; };
		2014AD2717CFF053007EBE2E /* FavMovTests.xctest */ = {isa = PBXFileReference; explicitFileType = wrapper.cfbundle; includeInIndex = 0; path = FavMovTests.xctest; sourceTree = BUILT_PRODUCTS_DIR; };
		2014AD2817CFF053007EBE2E /* XCTest.framework */ = {isa = PBXFileReference; lastKnownFileType = wrapper.framework; name = XCTest.framework; path = Library/Frameworks/XCTest.framework; sourceTree = DEVELOPER_DIR; };
		2014AD3117CFF054007EBE2E /* FavMovTests-Info.plist */ = {isa = PBXFileReference; lastKnownFileType = text.plist.xml; path = "FavMovTests-Info.plist"; sourceTree = "<group>"; };
		2014AD3317CFF054007EBE2E /* en */ = {isa = PBXFileReference; lastKnownFileType = text.plist.strings; name = en; path = en.lproj/InfoPlist.strings; sourceTree = "<group>"; };
		2014AD3517CFF054007EBE2E /* FavMovTests.m */ = {isa = PBXFileReference; lastKnownFileType = sourcecode.c.objc; path = FavMovTests.m; sourceTree = "<group>"; };
		2014AD3F17CFF0F3007EBE2E /* FMAppViewController.h */ = {isa = PBXFileReference; fileEncoding = 4; lastKnownFileType = sourcecode.c.h; path = FMAppViewController.h; sourceTree = "<group>"; };
		2014AD4017CFF0F3007EBE2E /* FMAppViewController.m */ = {isa = PBXFileReference; fileEncoding = 4; lastKnownFileType = sourcecode.c.objc; path = FMAppViewController.m; sourceTree = "<group>"; };
		2014AD4217CFF131007EBE2E /* FMMyFavoriteMovieViewController.h */ = {isa = PBXFileReference; fileEncoding = 4; lastKnownFileType = sourcecode.c.h; path = FMMyFavoriteMovieViewController.h; sourceTree = "<group>"; };
		2014AD4317CFF131007EBE2E /* FMMyFavoriteMovieViewController.m */ = {isa = PBXFileReference; fileEncoding = 4; lastKnownFileType = sourcecode.c.objc; path = FMMyFavoriteMovieViewController.m; sourceTree = "<group>"; };
		2014AD4517CFF181007EBE2E /* FMMyFavoriteMovieView.h */ = {isa = PBXFileReference; fileEncoding = 4; lastKnownFileType = sourcecode.c.h; path = FMMyFavoriteMovieView.h; sourceTree = "<group>"; };
		2014AD4617CFF181007EBE2E /* FMMyFavoriteMovieView.m */ = {isa = PBXFileReference; fileEncoding = 4; lastKnownFileType = sourcecode.c.objc; path = FMMyFavoriteMovieView.m; sourceTree = "<group>"; };
		2080F81817D10837005432FF /* FMMovieBoxOfficeStore.h */ = {isa = PBXFileReference; fileEncoding = 4; lastKnownFileType = sourcecode.c.h; path = FMMovieBoxOfficeStore.h; sourceTree = "<group>"; };
		2080F81917D10837005432FF /* FMMovieBoxOfficeStore.m */ = {isa = PBXFileReference; fileEncoding = 4; lastKnownFileType = sourcecode.c.objc; path = FMMovieBoxOfficeStore.m; sourceTree = "<group>"; };
		20AABD0D17D00375004B7A37 /* UIImage+FMImages.h */ = {isa = PBXFileReference; fileEncoding = 4; lastKnownFileType = sourcecode.c.h; path = "UIImage+FMImages.h"; sourceTree = "<group>"; };
		20AABD0E17D00375004B7A37 /* UIImage+FMImages.m */ = {isa = PBXFileReference; fileEncoding = 4; lastKnownFileType = sourcecode.c.objc; path = "UIImage+FMImages.m"; sourceTree = "<group>"; };
		20AABD1017D00674004B7A37 /* UIColor+FMColors.h */ = {isa = PBXFileReference; fileEncoding = 4; lastKnownFileType = sourcecode.c.h; path = "UIColor+FMColors.h"; sourceTree = "<group>"; };
		20AABD1117D00674004B7A37 /* UIColor+FMColors.m */ = {isa = PBXFileReference; fileEncoding = 4; lastKnownFileType = sourcecode.c.objc; path = "UIColor+FMColors.m"; sourceTree = "<group>"; };
		20AABD1317D008CD004B7A37 /* FMMoviePickerViewController.h */ = {isa = PBXFileReference; fileEncoding = 4; lastKnownFileType = sourcecode.c.h; path = FMMoviePickerViewController.h; sourceTree = "<group>"; };
		20AABD1417D008CD004B7A37 /* FMMoviePickerViewController.m */ = {isa = PBXFileReference; fileEncoding = 4; lastKnownFileType = sourcecode.c.objc; path = FMMoviePickerViewController.m; sourceTree = "<group>"; };
		20AABD1617D00F72004B7A37 /* FMMoviePickerView.h */ = {isa = PBXFileReference; fileEncoding = 4; lastKnownFileType = sourcecode.c.h; path = FMMoviePickerView.h; sourceTree = "<group>"; };
		20AABD1717D00F72004B7A37 /* FMMoviePickerView.m */ = {isa = PBXFileReference; fileEncoding = 4; lastKnownFileType = sourcecode.c.objc; path = FMMoviePickerView.m; sourceTree = "<group>"; };
		20AABD1917D00F98004B7A37 /* FMView.h */ = {isa = PBXFileReference; fileEncoding = 4; lastKnownFileType = sourcecode.c.h; path = FMView.h; sourceTree = "<group>"; };
		20AABD1A17D00F98004B7A37 /* FMView.m */ = {isa = PBXFileReference; fileEncoding = 4; lastKnownFileType = sourcecode.c.objc; path = FMView.m; sourceTree = "<group>"; };
		20AABD1C17D010B0004B7A37 /* FMView_Protected.h */ = {isa = PBXFileReference; lastKnownFileType = sourcecode.c.h; path = FMView_Protected.h; sourceTree = "<group>"; };
		20AABD1D17D032A4004B7A37 /* FMFriendsViewController.h */ = {isa = PBXFileReference; fileEncoding = 4; lastKnownFileType = sourcecode.c.h; path = FMFriendsViewController.h; sourceTree = "<group>"; };
		20AABD1E17D032A4004B7A37 /* FMFriendsViewController.m */ = {isa = PBXFileReference; fileEncoding = 4; lastKnownFileType = sourcecode.c.objc; path = FMFriendsViewController.m; sourceTree = "<group>"; };
		20AABD2017D033B1004B7A37 /* FMFriendsView.h */ = {isa = PBXFileReference; fileEncoding = 4; lastKnownFileType = sourcecode.c.h; path = FMFriendsView.h; sourceTree = "<group>"; };
		20AABD2117D033B1004B7A37 /* FMFriendsView.m */ = {isa = PBXFileReference; fileEncoding = 4; lastKnownFileType = sourcecode.c.objc; path = FMFriendsView.m; sourceTree = "<group>"; };
		20AABD2317D034E5004B7A37 /* UIApplication+FMStatusBar.h */ = {isa = PBXFileReference; fileEncoding = 4; lastKnownFileType = sourcecode.c.h; path = "UIApplication+FMStatusBar.h"; sourceTree = "<group>"; };
		20AABD2417D034E5004B7A37 /* UIApplication+FMStatusBar.m */ = {isa = PBXFileReference; fileEncoding = 4; lastKnownFileType = sourcecode.c.objc; path = "UIApplication+FMStatusBar.m"; sourceTree = "<group>"; };
		20BE3F4117D0FCFA00128C47 /* FMRottenTomatoesHTTPClient.h */ = {isa = PBXFileReference; fileEncoding = 4; lastKnownFileType = sourcecode.c.h; path = FMRottenTomatoesHTTPClient.h; sourceTree = "<group>"; };
		20BE3F4217D0FCFA00128C47 /* FMRottenTomatoesHTTPClient.m */ = {isa = PBXFileReference; fileEncoding = 4; lastKnownFileType = sourcecode.c.objc; path = FMRottenTomatoesHTTPClient.m; sourceTree = "<group>"; };
		20BE3F4417D1001C00128C47 /* FMRottenTomatoesAPI.h */ = {isa = PBXFileReference; fileEncoding = 4; lastKnownFileType = sourcecode.c.h; path = FMRottenTomatoesAPI.h; sourceTree = "<group>"; };
		20BE3F4517D1001C00128C47 /* FMRottenTomatoesAPI.m */ = {isa = PBXFileReference; fileEncoding = 4; lastKnownFileType = sourcecode.c.objc; path = FMRottenTomatoesAPI.m; sourceTree = "<group>"; };
		20CB8E2117D1277900939AB4 /* FMMovieCell.h */ = {isa = PBXFileReference; fileEncoding = 4; lastKnownFileType = sourcecode.c.h; path = FMMovieCell.h; sourceTree = "<group>"; };
		20CB8E2217D1277900939AB4 /* FMMovieCell.m */ = {isa = PBXFileReference; fileEncoding = 4; lastKnownFileType = sourcecode.c.objc; path = FMMovieCell.m; sourceTree = "<group>"; };
		20CB8E2417D127EA00939AB4 /* FMMovie.h */ = {isa = PBXFileReference; fileEncoding = 4; lastKnownFileType = sourcecode.c.h; path = FMMovie.h; sourceTree = "<group>"; };
		20CB8E2517D127EA00939AB4 /* FMMovie.m */ = {isa = PBXFileReference; fileEncoding = 4; lastKnownFileType = sourcecode.c.objc; path = FMMovie.m; sourceTree = "<group>"; };
		20CB8E2717D12CE700939AB4 /* FMMovie+Factory.h */ = {isa = PBXFileReference; fileEncoding = 4; lastKnownFileType = sourcecode.c.h; path = "FMMovie+Factory.h"; sourceTree = "<group>"; };
		20CB8E2817D12CE700939AB4 /* FMMovie+Factory.m */ = {isa = PBXFileReference; fileEncoding = 4; lastKnownFileType = sourcecode.c.objc; path = "FMMovie+Factory.m"; sourceTree = "<group>"; };
		3314FC4AD73548C59E204F60 /* Pods.xcconfig */ = {isa = PBXFileReference; includeInIndex = 1; lastKnownFileType = text.xcconfig; name = Pods.xcconfig; path = Pods/Pods.xcconfig; sourceTree = SOURCE_ROOT; };
		BDBED89D1E3E4178BCD2FB29 /* libPods.a */ = {isa = PBXFileReference; explicitFileType = archive.ar; includeInIndex = 0; path = libPods.a; sourceTree = BUILT_PRODUCTS_DIR; };
/* End PBXFileReference section */

/* Begin PBXFrameworksBuildPhase section */
		2014AD0417CFF053007EBE2E /* Frameworks */ = {
			isa = PBXFrameworksBuildPhase;
			buildActionMask = 2147483647;
			files = (
				2014AD0D17CFF053007EBE2E /* CoreGraphics.framework in Frameworks */,
				2014AD1117CFF053007EBE2E /* CoreData.framework in Frameworks */,
				2014AD0F17CFF053007EBE2E /* UIKit.framework in Frameworks */,
				2014AD0B17CFF053007EBE2E /* Foundation.framework in Frameworks */,
				F059775F35A8431FAB68E17F /* libPods.a in Frameworks */,
			);
			runOnlyForDeploymentPostprocessing = 0;
		};
		2014AD2417CFF053007EBE2E /* Frameworks */ = {
			isa = PBXFrameworksBuildPhase;
			buildActionMask = 2147483647;
			files = (
				2014AD2917CFF053007EBE2E /* XCTest.framework in Frameworks */,
				2014AD2C17CFF054007EBE2E /* CoreData.framework in Frameworks */,
				2014AD2B17CFF054007EBE2E /* UIKit.framework in Frameworks */,
				2014AD2A17CFF054007EBE2E /* Foundation.framework in Frameworks */,
			);
			runOnlyForDeploymentPostprocessing = 0;
		};
/* End PBXFrameworksBuildPhase section */

/* Begin PBXGroup section */
		2014ACFE17CFF053007EBE2E = {
			isa = PBXGroup;
			children = (
				2014AD1217CFF053007EBE2E /* FavMov */,
				2014AD2F17CFF054007EBE2E /* FavMovTests */,
				2014AD0917CFF053007EBE2E /* Frameworks */,
				2014AD0817CFF053007EBE2E /* Products */,
				3314FC4AD73548C59E204F60 /* Pods.xcconfig */,
			);
			sourceTree = "<group>";
		};
		2014AD0817CFF053007EBE2E /* Products */ = {
			isa = PBXGroup;
			children = (
				2014AD0717CFF053007EBE2E /* FavMov.app */,
				2014AD2717CFF053007EBE2E /* FavMovTests.xctest */,
			);
			name = Products;
			sourceTree = "<group>";
		};
		2014AD0917CFF053007EBE2E /* Frameworks */ = {
			isa = PBXGroup;
			children = (
				2014AD0A17CFF053007EBE2E /* Foundation.framework */,
				2014AD0C17CFF053007EBE2E /* CoreGraphics.framework */,
				2014AD0E17CFF053007EBE2E /* UIKit.framework */,
				2014AD1017CFF053007EBE2E /* CoreData.framework */,
				2014AD2817CFF053007EBE2E /* XCTest.framework */,
				BDBED89D1E3E4178BCD2FB29 /* libPods.a */,
			);
			name = Frameworks;
			sourceTree = "<group>";
		};
		2014AD1217CFF053007EBE2E /* FavMov */ = {
			isa = PBXGroup;
			children = (
				2080F81717D10824005432FF /* Model */,
				20BE3F4017D0FCD900128C47 /* Networking */,
				20AABD0C17D00364004B7A37 /* Style */,
				2014AD1B17CFF053007EBE2E /* FMAppDelegate.h */,
				2014AD1C17CFF053007EBE2E /* FMAppDelegate.m */,
				2014AD2117CFF053007EBE2E /* Images.xcassets */,
				2014AD1E17CFF053007EBE2E /* FavMov.xcdatamodeld */,
				2014AD1317CFF053007EBE2E /* Supporting Files */,
				2014AD3F17CFF0F3007EBE2E /* FMAppViewController.h */,
				2014AD4017CFF0F3007EBE2E /* FMAppViewController.m */,
				2014AD4217CFF131007EBE2E /* FMMyFavoriteMovieViewController.h */,
				2014AD4317CFF131007EBE2E /* FMMyFavoriteMovieViewController.m */,
				2014AD4517CFF181007EBE2E /* FMMyFavoriteMovieView.h */,
				2014AD4617CFF181007EBE2E /* FMMyFavoriteMovieView.m */,
				20AABD1317D008CD004B7A37 /* FMMoviePickerViewController.h */,
				20AABD1417D008CD004B7A37 /* FMMoviePickerViewController.m */,
				20AABD1617D00F72004B7A37 /* FMMoviePickerView.h */,
				20AABD1717D00F72004B7A37 /* FMMoviePickerView.m */,
				20AABD1917D00F98004B7A37 /* FMView.h */,
				20AABD1A17D00F98004B7A37 /* FMView.m */,
				20AABD1C17D010B0004B7A37 /* FMView_Protected.h */,
				20AABD1D17D032A4004B7A37 /* FMFriendsViewController.h */,
				20AABD1E17D032A4004B7A37 /* FMFriendsViewController.m */,
				20AABD2017D033B1004B7A37 /* FMFriendsView.h */,
				20AABD2117D033B1004B7A37 /* FMFriendsView.m */,
				20AABD2317D034E5004B7A37 /* UIApplication+FMStatusBar.h */,
				20AABD2417D034E5004B7A37 /* UIApplication+FMStatusBar.m */,
				20CB8E2117D1277900939AB4 /* FMMovieCell.h */,
				20CB8E2217D1277900939AB4 /* FMMovieCell.m */,
				20CB8E2717D12CE700939AB4 /* FMMovie+Factory.h */,
				20CB8E2817D12CE700939AB4 /* FMMovie+Factory.m */,
			);
			path = FavMov;
			sourceTree = "<group>";
		};
		2014AD1317CFF053007EBE2E /* Supporting Files */ = {
			isa = PBXGroup;
			children = (
				2014AD1417CFF053007EBE2E /* FavMov-Info.plist */,
				2014AD1517CFF053007EBE2E /* InfoPlist.strings */,
				2014AD1817CFF053007EBE2E /* main.m */,
				2014AD1A17CFF053007EBE2E /* FavMov-Prefix.pch */,
			);
			name = "Supporting Files";
			sourceTree = "<group>";
		};
		2014AD2F17CFF054007EBE2E /* FavMovTests */ = {
			isa = PBXGroup;
			children = (
				2014AD3517CFF054007EBE2E /* FavMovTests.m */,
				2014AD3017CFF054007EBE2E /* Supporting Files */,
			);
			path = FavMovTests;
			sourceTree = "<group>";
		};
		2014AD3017CFF054007EBE2E /* Supporting Files */ = {
			isa = PBXGroup;
			children = (
				2014AD3117CFF054007EBE2E /* FavMovTests-Info.plist */,
				2014AD3217CFF054007EBE2E /* InfoPlist.strings */,
			);
			name = "Supporting Files";
			sourceTree = "<group>";
		};
		2080F81717D10824005432FF /* Model */ = {
			isa = PBXGroup;
			children = (
				2080F81817D10837005432FF /* FMMovieBoxOfficeStore.h */,
				2080F81917D10837005432FF /* FMMovieBoxOfficeStore.m */,
				20CB8E2417D127EA00939AB4 /* FMMovie.h */,
				20CB8E2517D127EA00939AB4 /* FMMovie.m */,
			);
			path = Model;
			sourceTree = "<group>";
		};
		20AABD0C17D00364004B7A37 /* Style */ = {
			isa = PBXGroup;
			children = (
				20AABD0D17D00375004B7A37 /* UIImage+FMImages.h */,
				20AABD0E17D00375004B7A37 /* UIImage+FMImages.m */,
				20AABD1017D00674004B7A37 /* UIColor+FMColors.h */,
				20AABD1117D00674004B7A37 /* UIColor+FMColors.m */,
			);
			path = Style;
			sourceTree = "<group>";
		};
		20BE3F4017D0FCD900128C47 /* Networking */ = {
			isa = PBXGroup;
			children = (
				20BE3F4117D0FCFA00128C47 /* FMRottenTomatoesHTTPClient.h */,
				20BE3F4217D0FCFA00128C47 /* FMRottenTomatoesHTTPClient.m */,
				20BE3F4417D1001C00128C47 /* FMRottenTomatoesAPI.h */,
				20BE3F4517D1001C00128C47 /* FMRottenTomatoesAPI.m */,
			);
			path = Networking;
			sourceTree = "<group>";
		};
/* End PBXGroup section */

/* Begin PBXNativeTarget section */
		2014AD0617CFF053007EBE2E /* FavMov */ = {
			isa = PBXNativeTarget;
			buildConfigurationList = 2014AD3917CFF054007EBE2E /* Build configuration list for PBXNativeTarget "FavMov" */;
			buildPhases = (
				EB50CBEE721C4FA195A59D27 /* Check Pods Manifest.lock */,
				2014AD0317CFF053007EBE2E /* Sources */,
				2014AD0417CFF053007EBE2E /* Frameworks */,
				2014AD0517CFF053007EBE2E /* Resources */,
				8E917314474C4FE8B2E6642F /* Copy Pods Resources */,
			);
			buildRules = (
			);
			dependencies = (
			);
			name = FavMov;
			productName = FavMov;
			productReference = 2014AD0717CFF053007EBE2E /* FavMov.app */;
			productType = "com.apple.product-type.application";
		};
		2014AD2617CFF053007EBE2E /* FavMovTests */ = {
			isa = PBXNativeTarget;
			buildConfigurationList = 2014AD3C17CFF054007EBE2E /* Build configuration list for PBXNativeTarget "FavMovTests" */;
			buildPhases = (
				2014AD2317CFF053007EBE2E /* Sources */,
				2014AD2417CFF053007EBE2E /* Frameworks */,
				2014AD2517CFF053007EBE2E /* Resources */,
			);
			buildRules = (
			);
			dependencies = (
				2014AD2E17CFF054007EBE2E /* PBXTargetDependency */,
			);
			name = FavMovTests;
			productName = FavMovTests;
			productReference = 2014AD2717CFF053007EBE2E /* FavMovTests.xctest */;
			productType = "com.apple.product-type.bundle.unit-test";
		};
/* End PBXNativeTarget section */

/* Begin PBXProject section */
		2014ACFF17CFF053007EBE2E /* Project object */ = {
			isa = PBXProject;
			attributes = {
				CLASSPREFIX = FM;
				LastUpgradeCheck = 0500;
				ORGANIZATIONNAME = MutualMobile;
				TargetAttributes = {
					2014AD2617CFF053007EBE2E = {
						TestTargetID = 2014AD0617CFF053007EBE2E;
					};
				};
			};
			buildConfigurationList = 2014AD0217CFF053007EBE2E /* Build configuration list for PBXProject "FavMov" */;
			compatibilityVersion = "Xcode 3.2";
			developmentRegion = English;
			hasScannedForEncodings = 0;
			knownRegions = (
				en,
			);
			mainGroup = 2014ACFE17CFF053007EBE2E;
			productRefGroup = 2014AD0817CFF053007EBE2E /* Products */;
			projectDirPath = "";
			projectRoot = "";
			targets = (
				2014AD0617CFF053007EBE2E /* FavMov */,
				2014AD2617CFF053007EBE2E /* FavMovTests */,
			);
		};
/* End PBXProject section */

/* Begin PBXResourcesBuildPhase section */
		2014AD0517CFF053007EBE2E /* Resources */ = {
			isa = PBXResourcesBuildPhase;
			buildActionMask = 2147483647;
			files = (
				2014AD1717CFF053007EBE2E /* InfoPlist.strings in Resources */,
				2014AD2217CFF053007EBE2E /* Images.xcassets in Resources */,
			);
			runOnlyForDeploymentPostprocessing = 0;
		};
		2014AD2517CFF053007EBE2E /* Resources */ = {
			isa = PBXResourcesBuildPhase;
			buildActionMask = 2147483647;
			files = (
				2014AD3417CFF054007EBE2E /* InfoPlist.strings in Resources */,
			);
			runOnlyForDeploymentPostprocessing = 0;
		};
/* End PBXResourcesBuildPhase section */

/* Begin PBXShellScriptBuildPhase section */
		8E917314474C4FE8B2E6642F /* Copy Pods Resources */ = {
			isa = PBXShellScriptBuildPhase;
			buildActionMask = 2147483647;
			files = (
			);
			inputPaths = (
			);
			name = "Copy Pods Resources";
			outputPaths = (
			);
			runOnlyForDeploymentPostprocessing = 0;
			shellPath = /bin/sh;
			shellScript = "\"${SRCROOT}/Pods/Pods-resources.sh\"\n";
			showEnvVarsInLog = 0;
		};
		EB50CBEE721C4FA195A59D27 /* Check Pods Manifest.lock */ = {
			isa = PBXShellScriptBuildPhase;
			buildActionMask = 2147483647;
			files = (
			);
			inputPaths = (
			);
			name = "Check Pods Manifest.lock";
			outputPaths = (
			);
			runOnlyForDeploymentPostprocessing = 0;
			shellPath = /bin/sh;
			shellScript = "diff \"${PODS_ROOT}/../Podfile.lock\" \"${PODS_ROOT}/Manifest.lock\" > /dev/null\nif [[ $? != 0 ]] ; then\n    cat << EOM\nerror: The sandbox is not in sync with the Podfile.lock. Run 'pod install' or update your CocoaPods installation.\nEOM\n    exit 1\nfi\n";
			showEnvVarsInLog = 0;
		};
/* End PBXShellScriptBuildPhase section */

/* Begin PBXSourcesBuildPhase section */
		2014AD0317CFF053007EBE2E /* Sources */ = {
			isa = PBXSourcesBuildPhase;
			buildActionMask = 2147483647;
			files = (
				2014AD1917CFF053007EBE2E /* main.m in Sources */,
				20CB8E2317D1277900939AB4 /* FMMovieCell.m in Sources */,
				20AABD2517D034E5004B7A37 /* UIApplication+FMStatusBar.m in Sources */,
				20AABD2217D033B1004B7A37 /* FMFriendsView.m in Sources */,
				2014AD1D17CFF053007EBE2E /* FMAppDelegate.m in Sources */,
				20AABD0F17D00375004B7A37 /* UIImage+FMImages.m in Sources */,
				20CB8E2917D12CE700939AB4 /* FMMovie+Factory.m in Sources */,
				20AABD1217D00674004B7A37 /* UIColor+FMColors.m in Sources */,
				20CB8E2617D127EA00939AB4 /* FMMovie.m in Sources */,
				20BE3F4617D1001C00128C47 /* FMRottenTomatoesAPI.m in Sources */,
				20AABD1817D00F72004B7A37 /* FMMoviePickerView.m in Sources */,
				2014AD4717CFF181007EBE2E /* FMMyFavoriteMovieView.m in Sources */,
				20AABD1B17D00F98004B7A37 /* FMView.m in Sources */,
				20AABD1517D008CD004B7A37 /* FMMoviePickerViewController.m in Sources */,
				20AABD1F17D032A4004B7A37 /* FMFriendsViewController.m in Sources */,
				2014AD2017CFF053007EBE2E /* FavMov.xcdatamodeld in Sources */,
				2014AD4117CFF0F3007EBE2E /* FMAppViewController.m in Sources */,
				2014AD4417CFF131007EBE2E /* FMMyFavoriteMovieViewController.m in Sources */,
				2080F81A17D10837005432FF /* FMMovieBoxOfficeStore.m in Sources */,
				20BE3F4317D0FCFA00128C47 /* FMRottenTomatoesHTTPClient.m in Sources */,
			);
			runOnlyForDeploymentPostprocessing = 0;
		};
		2014AD2317CFF053007EBE2E /* Sources */ = {
			isa = PBXSourcesBuildPhase;
			buildActionMask = 2147483647;
			files = (
				2014AD3617CFF054007EBE2E /* FavMovTests.m in Sources */,
			);
			runOnlyForDeploymentPostprocessing = 0;
		};
/* End PBXSourcesBuildPhase section */

/* Begin PBXTargetDependency section */
		2014AD2E17CFF054007EBE2E /* PBXTargetDependency */ = {
			isa = PBXTargetDependency;
			target = 2014AD0617CFF053007EBE2E /* FavMov */;
			targetProxy = 2014AD2D17CFF054007EBE2E /* PBXContainerItemProxy */;
		};
/* End PBXTargetDependency section */

/* Begin PBXVariantGroup section */
		2014AD1517CFF053007EBE2E /* InfoPlist.strings */ = {
			isa = PBXVariantGroup;
			children = (
				2014AD1617CFF053007EBE2E /* en */,
			);
			name = InfoPlist.strings;
			sourceTree = "<group>";
		};
		2014AD3217CFF054007EBE2E /* InfoPlist.strings */ = {
			isa = PBXVariantGroup;
			children = (
				2014AD3317CFF054007EBE2E /* en */,
			);
			name = InfoPlist.strings;
			sourceTree = "<group>";
		};
/* End PBXVariantGroup section */

/* Begin XCBuildConfiguration section */
		2014AD3717CFF054007EBE2E /* Debug */ = {
			isa = XCBuildConfiguration;
			buildSettings = {
				ALWAYS_SEARCH_USER_PATHS = NO;
				CLANG_CXX_LANGUAGE_STANDARD = "gnu++0x";
				CLANG_CXX_LIBRARY = "libc++";
				CLANG_ENABLE_MODULES = YES;
				CLANG_ENABLE_OBJC_ARC = YES;
				CLANG_WARN_BOOL_CONVERSION = YES;
				CLANG_WARN_CONSTANT_CONVERSION = YES;
				CLANG_WARN_DIRECT_OBJC_ISA_USAGE = YES_ERROR;
				CLANG_WARN_EMPTY_BODY = YES;
				CLANG_WARN_ENUM_CONVERSION = YES;
				CLANG_WARN_INT_CONVERSION = YES;
				CLANG_WARN_OBJC_ROOT_CLASS = YES_ERROR;
				CLANG_WARN__DUPLICATE_METHOD_MATCH = YES;
				"CODE_SIGN_IDENTITY[sdk=iphoneos*]" = "iPhone Developer";
				COPY_PHASE_STRIP = NO;
				GCC_C_LANGUAGE_STANDARD = gnu99;
				GCC_DYNAMIC_NO_PIC = NO;
				GCC_OPTIMIZATION_LEVEL = 0;
				GCC_PREPROCESSOR_DEFINITIONS = (
					"DEBUG=1",
					"$(inherited)",
				);
				GCC_SYMBOLS_PRIVATE_EXTERN = NO;
				GCC_WARN_ABOUT_RETURN_TYPE = YES_ERROR;
				GCC_WARN_UNDECLARED_SELECTOR = YES;
				GCC_WARN_UNINITIALIZED_AUTOS = YES;
				GCC_WARN_UNUSED_FUNCTION = YES;
				GCC_WARN_UNUSED_VARIABLE = YES;
				IPHONEOS_DEPLOYMENT_TARGET = 7.0;
				ONLY_ACTIVE_ARCH = YES;
				SDKROOT = iphoneos;
			};
			name = Debug;
		};
		2014AD3817CFF054007EBE2E /* Release */ = {
			isa = XCBuildConfiguration;
			buildSettings = {
				ALWAYS_SEARCH_USER_PATHS = NO;
				CLANG_CXX_LANGUAGE_STANDARD = "gnu++0x";
				CLANG_CXX_LIBRARY = "libc++";
				CLANG_ENABLE_MODULES = YES;
				CLANG_ENABLE_OBJC_ARC = YES;
				CLANG_WARN_BOOL_CONVERSION = YES;
				CLANG_WARN_CONSTANT_CONVERSION = YES;
				CLANG_WARN_DIRECT_OBJC_ISA_USAGE = YES_ERROR;
				CLANG_WARN_EMPTY_BODY = YES;
				CLANG_WARN_ENUM_CONVERSION = YES;
				CLANG_WARN_INT_CONVERSION = YES;
				CLANG_WARN_OBJC_ROOT_CLASS = YES_ERROR;
				CLANG_WARN__DUPLICATE_METHOD_MATCH = YES;
				"CODE_SIGN_IDENTITY[sdk=iphoneos*]" = "iPhone Developer";
				COPY_PHASE_STRIP = YES;
				ENABLE_NS_ASSERTIONS = NO;
				GCC_C_LANGUAGE_STANDARD = gnu99;
				GCC_WARN_ABOUT_RETURN_TYPE = YES_ERROR;
				GCC_WARN_UNDECLARED_SELECTOR = YES;
				GCC_WARN_UNINITIALIZED_AUTOS = YES;
				GCC_WARN_UNUSED_FUNCTION = YES;
				GCC_WARN_UNUSED_VARIABLE = YES;
				IPHONEOS_DEPLOYMENT_TARGET = 7.0;
				SDKROOT = iphoneos;
				VALIDATE_PRODUCT = YES;
			};
			name = Release;
		};
		2014AD3A17CFF054007EBE2E /* Debug */ = {
			isa = XCBuildConfiguration;
			baseConfigurationReference = 3314FC4AD73548C59E204F60 /* Pods.xcconfig */;
			buildSettings = {
				ASSETCATALOG_COMPILER_APPICON_NAME = AppIcon;
				ASSETCATALOG_COMPILER_LAUNCHIMAGE_NAME = LaunchImage;
				GCC_PRECOMPILE_PREFIX_HEADER = YES;
				GCC_PREFIX_HEADER = "FavMov/FavMov-Prefix.pch";
				INFOPLIST_FILE = "FavMov/FavMov-Info.plist";
				PRODUCT_NAME = "$(TARGET_NAME)";
				WRAPPER_EXTENSION = app;
			};
			name = Debug;
		};
		2014AD3B17CFF054007EBE2E /* Release */ = {
			isa = XCBuildConfiguration;
			baseConfigurationReference = 3314FC4AD73548C59E204F60 /* Pods.xcconfig */;
			buildSettings = {
				ASSETCATALOG_COMPILER_APPICON_NAME = AppIcon;
				ASSETCATALOG_COMPILER_LAUNCHIMAGE_NAME = LaunchImage;
				GCC_PRECOMPILE_PREFIX_HEADER = YES;
				GCC_PREFIX_HEADER = "FavMov/FavMov-Prefix.pch";
				INFOPLIST_FILE = "FavMov/FavMov-Info.plist";
				PRODUCT_NAME = "$(TARGET_NAME)";
				WRAPPER_EXTENSION = app;
			};
			name = Release;
		};
		2014AD3D17CFF054007EBE2E /* Debug */ = {
			isa = XCBuildConfiguration;
			buildSettings = {
				BUNDLE_LOADER = "$(BUILT_PRODUCTS_DIR)/FavMov.app/FavMov";
				FRAMEWORK_SEARCH_PATHS = (
					"$(SDKROOT)/Developer/Library/Frameworks",
					"$(inherited)",
					"$(DEVELOPER_FRAMEWORKS_DIR)",
				);
				GCC_PRECOMPILE_PREFIX_HEADER = YES;
				GCC_PREFIX_HEADER = "FavMov/FavMov-Prefix.pch";
				GCC_PREPROCESSOR_DEFINITIONS = (
					"DEBUG=1",
					"$(inherited)",
				);
				INFOPLIST_FILE = "FavMovTests/FavMovTests-Info.plist";
				PRODUCT_NAME = "$(TARGET_NAME)";
				TEST_HOST = "$(BUNDLE_LOADER)";
				WRAPPER_EXTENSION = xctest;
			};
			name = Debug;
		};
		2014AD3E17CFF054007EBE2E /* Release */ = {
			isa = XCBuildConfiguration;
			buildSettings = {
				BUNDLE_LOADER = "$(BUILT_PRODUCTS_DIR)/FavMov.app/FavMov";
				FRAMEWORK_SEARCH_PATHS = (
					"$(SDKROOT)/Developer/Library/Frameworks",
					"$(inherited)",
					"$(DEVELOPER_FRAMEWORKS_DIR)",
				);
				GCC_PRECOMPILE_PREFIX_HEADER = YES;
				GCC_PREFIX_HEADER = "FavMov/FavMov-Prefix.pch";
				INFOPLIST_FILE = "FavMovTests/FavMovTests-Info.plist";
				PRODUCT_NAME = "$(TARGET_NAME)";
				TEST_HOST = "$(BUNDLE_LOADER)";
				WRAPPER_EXTENSION = xctest;
			};
			name = Release;
		};
/* End XCBuildConfiguration section */

/* Begin XCConfigurationList section */
		2014AD0217CFF053007EBE2E /* Build configuration list for PBXProject "FavMov" */ = {
			isa = XCConfigurationList;
			buildConfigurations = (
				2014AD3717CFF054007EBE2E /* Debug */,
				2014AD3817CFF054007EBE2E /* Release */,
			);
			defaultConfigurationIsVisible = 0;
			defaultConfigurationName = Release;
		};
		2014AD3917CFF054007EBE2E /* Build configuration list for PBXNativeTarget "FavMov" */ = {
			isa = XCConfigurationList;
			buildConfigurations = (
				2014AD3A17CFF054007EBE2E /* Debug */,
				2014AD3B17CFF054007EBE2E /* Release */,
			);
			defaultConfigurationIsVisible = 0;
			defaultConfigurationName = Release;
		};
		2014AD3C17CFF054007EBE2E /* Build configuration list for PBXNativeTarget "FavMovTests" */ = {
			isa = XCConfigurationList;
			buildConfigurations = (
				2014AD3D17CFF054007EBE2E /* Debug */,
				2014AD3E17CFF054007EBE2E /* Release */,
			);
			defaultConfigurationIsVisible = 0;
			defaultConfigurationName = Release;
		};
/* End XCConfigurationList section */

/* Begin XCVersionGroup section */
		2014AD1E17CFF053007EBE2E /* FavMov.xcdatamodeld */ = {
			isa = XCVersionGroup;
			children = (
				2014AD1F17CFF053007EBE2E /* FavMov.xcdatamodel */,
			);
			currentVersion = 2014AD1F17CFF053007EBE2E /* FavMov.xcdatamodel */;
			path = FavMov.xcdatamodeld;
			sourceTree = "<group>";
			versionGroupType = wrapper.xcdatamodel;
		};
/* End XCVersionGroup section */
	};
	rootObject = 2014ACFF17CFF053007EBE2E /* Project object */;
}
